
Microsoft Visual Studio Solution File, Format Version 12.00
# Visual Studio Version 17
VisualStudioVersion = 17.1.32421.90
MinimumVisualStudioVersion = 10.0.40219.1
Project("{FAE04EC0-301F-11D3-BF4B-00C04F79EFBC}") = "CSMusicPlayer", "CSMusicPlayer.csproj", "{F01E598B-2066-4E31-8624-173515D613D9}"
EndProject
Global
	GlobalSection(SolutionConfigurationPlatforms) = preSolution
		Debug|Any CPU = Debug|Any CPU
		Release|Any CPU = Release|Any CPU
	EndGlobalSection
	GlobalSection(ProjectConfigurationPlatforms) = postSolution
		{F01E598B-2066-4E31-8624-173515D613D9}.Debug|Any CPU.ActiveCfg = Debug|Any CPU
		{F01E598B-2066-4E31-8624-173515D613D9}.Debug|Any CPU.Build.0 = Debug|Any CPU
		{F01E598B-2066-4E31-8624-173515D613D9}.Release|Any CPU.ActiveCfg = Release|Any CPU
		{F01E598B-2066-4E31-8624-173515D613D9}.Release|Any CPU.Build.0 = Release|Any CPU
	EndGlobalSection
	GlobalSection(SolutionProperties) = preSolution
		HideSolutionNode = FALSE
	EndGlobalSection
	GlobalSection(ExtensibilityGlobals) = postSolution
		SolutionGuid = {21DC037D-BB90-4890-A556-C6C53CA2448A}
	EndGlobalSection
EndGlobal
